
Microsoft Visual Studio Solution File, Format Version 12.00
# Visual Studio 15
Project("{FAE04EC0-301F-11D3-BF4B-00C04F79EFBC}") = "call-json-api", "call-json-api.csproj", "{1E5CC4FE-B440-4C73-B9D7-63396A1A8E4D}"
EndProject
Global
	GlobalSection(SolutionConfigurationPlatforms) = preSolution
		Debug|Any CPU = Debug|Any CPU
		Release|Any CPU = Release|Any CPU
	EndGlobalSection
	GlobalSection(ProjectConfigurationPlatforms) = postSolution
		{1E5CC4FE-B440-4C73-B9D7-63396A1A8E4D}.Debug|Any CPU.ActiveCfg = Debug|Any CPU
		{1E5CC4FE-B440-4C73-B9D7-63396A1A8E4D}.Debug|Any CPU.Build.0 = Debug|Any CPU
		{1E5CC4FE-B440-4C73-B9D7-63396A1A8E4D}.Release|Any CPU.ActiveCfg = Release|Any CPU
		{1E5CC4FE-B440-4C73-B9D7-63396A1A8E4D}.Release|Any CPU.Build.0 = Release|Any CPU
	EndGlobalSection
EndGlobal
